{
    "_readme": [
        "This file locks the dependencies of your project to a known state",
        "Read more about it at https://getcomposer.org/doc/01-basic-usage.md#composer-lock-the-lock-file",
        "This file is @generated automatically"
    ],
    "hash": "b8db7c9d2b07707208e23bf62fe0bc26",
    "content-hash": "33f6e6df24f82ed1b74d7e9482c83ee5",
    "packages": [
        {
            "name": "intervention/httpauth",
            "version": "2.0.1",
            "source": {
                "type": "git",
                "url": "https://github.com/Intervention/httpauth.git",
                "reference": "320aff7dee3b6f99b46f00f69b15491296673ea6"
            },
            "dist": {
                "type": "zip",
                "url": "https://api.github.com/repos/Intervention/httpauth/zipball/320aff7dee3b6f99b46f00f69b15491296673ea6",
                "reference": "320aff7dee3b6f99b46f00f69b15491296673ea6",
                "shasum": ""
            },
            "require": {
                "php": ">=5.3.0"
            },
            "type": "library",
            "autoload": {
                "psr-4": {
                    "Intervention\\Httpauth\\": "src/Intervention/Httpauth"
                }
            },
            "notification-url": "https://packagist.org/downloads/",
            "license": [
                "MIT"
            ],
            "authors": [
                {
                    "name": "Oliver Vogel",
                    "email": "oliver@olivervogel.com",
                    "homepage": "http://olivervogel.com/"
                }
            ],
            "description": "HTTP authentication (Basic & Digest) including ServiceProviders for easy Laravel integration",
            "homepage": "https://github.com/Intervention/httpauth",
            "keywords": [
                "Authentication",
                "http",
                "laravel"
            ],
            "time": "2015-07-07 16:59:33"
        },
        {
            "name": "league/fractal",
            "version": "0.13.0",
            "source": {
                "type": "git",
                "url": "https://github.com/thephpleague/fractal.git",
                "reference": "3caeefbad51bce7a06947321938128512f42346c"
            },
            "dist": {
                "type": "zip",
                "url": "https://api.github.com/repos/thephpleague/fractal/zipball/3caeefbad51bce7a06947321938128512f42346c",
                "reference": "3caeefbad51bce7a06947321938128512f42346c",
                "shasum": ""
            },
            "require": {
                "php": ">=5.4"
            },
            "require-dev": {
                "illuminate/contracts": "~5.0",
                "mockery/mockery": "~0.9",
                "pagerfanta/pagerfanta": "~1.0.0",
                "phpunit/phpunit": "~4.0",
                "squizlabs/php_codesniffer": "~1.5",
                "zendframework/zend-paginator": "~2.3"
            },
            "suggest": {
                "illuminate/pagination": "The Illuminate Pagination component.",
                "pagerfanta/pagerfanta": "Pagerfanta Paginator",
                "zendframework/zend-paginator": "Zend Framework Paginator"
            },
            "type": "library",
            "extra": {
                "branch-alias": {
                    "dev-master": "0.13-dev"
                }
            },
            "autoload": {
                "psr-4": {
                    "League\\Fractal\\": "src"
                }
            },
            "notification-url": "https://packagist.org/downloads/",
            "license": [
                "MIT"
            ],
            "authors": [
                {
                    "name": "Phil Sturgeon",
                    "email": "me@philsturgeon.uk",
                    "homepage": "http://philsturgeon.uk/",
                    "role": "Developer"
                }
            ],
            "description": "Handle the output of complex data structures ready for API output.",
            "homepage": "http://fractal.thephpleague.com/",
            "keywords": [
                "api",
                "json",
                "league",
                "rest"
            ],
            "time": "2015-10-07 14:48:58"
        }
    ],
    "packages-dev": [],
    "aliases": [],
    "minimum-stability": "stable",
    "stability-flags": [],
    "prefer-stable": false,
    "prefer-lowest": false,
    "platform": [],
    "platform-dev": []
}
